# THIS IS AN AUTOGENERATED FILE. DO NOT EDIT THIS FILE DIRECTLY.
# yarn lockfile v1


"cross-fetch@2.2.2":
  "integrity" "sha512-sMF1jhA9GQ6PlBhneCxtCToyK7vHEEbmk+3DgZPjJaqsHSgsb69ajLMSOSmW5OLTDhZ0w+Fe8u7PQofZhJwqzQ=="
  "resolved" "https://registry.npmjs.org/cross-fetch/-/cross-fetch-2.2.2.tgz"
  "version" "2.2.2"
  dependencies:
    "node-fetch" "2.1.2"
    "whatwg-fetch" "2.0.4"

"csv-writer@^1.6.0":
  "integrity" "sha512-NOx7YDFWEsM/fTRAJjRpPp8t+MKRVvniAg9wQlUKx20MFrPs73WLJhFf5iteqrxNYnsy924K3Iroh3yNHeYd2g=="
  "resolved" "https://registry.npmjs.org/csv-writer/-/csv-writer-1.6.0.tgz"
  "version" "1.6.0"

"fs@^0.0.1-security":
  "integrity" "sha512-3XY9e1pP0CVEUCdj5BmfIZxRBTSDycnbqhIOGec9QYtmVH2fbLpj86CFWkrNOkt/Fvty4KZG5lTglL9j/gJ87w=="
  "resolved" "https://registry.npmjs.org/fs/-/fs-0.0.1-security.tgz"
  "version" "0.0.1-security"

"graphql-request@^1.8.2":
  "integrity" "sha512-dDX2M+VMsxXFCmUX0Vo0TopIZIX4ggzOtiCsThgtrKR4niiaagsGTDIHj3fsOMFETpa064vzovI+4YV4QnMbcg=="
  "resolved" "https://registry.npmjs.org/graphql-request/-/graphql-request-1.8.2.tgz"
  "version" "1.8.2"
  dependencies:
    "cross-fetch" "2.2.2"

"graphql@^16.7.1":
  "integrity" "sha512-DRYR9tf+UGU0KOsMcKAlXeFfX89UiiIZ0dRU3mR0yJfu6OjZqUcp68NnFLnqQU5RexygFoDy1EW+ccOYcPfmHg=="
  "resolved" "https://registry.npmjs.org/graphql/-/graphql-16.7.1.tgz"
  "version" "16.7.1"

"minimist@^1.2.8":
  "integrity" "sha512-2yyAR8qBkN3YuheJanUpWC5U3bb5osDywNB8RzDVlDwDHbocAJveqqj1u8+SVD7jkWT4yvsHCpWqqWqAxb0zCA=="
  "resolved" "https://registry.npmjs.org/minimist/-/minimist-1.2.8.tgz"
  "version" "1.2.8"

"node-fetch@2.1.2":
  "integrity" "sha512-IHLHYskTc2arMYsHZH82PVX8CSKT5lzb7AXeyO06QnjGDKtkv+pv3mEki6S7reB/x1QPo+YPxQRNEVgR5V/w3Q=="
  "resolved" "https://registry.npmjs.org/node-fetch/-/node-fetch-2.1.2.tgz"
  "version" "2.1.2"

"whatwg-fetch@2.0.4":
  "integrity" "sha512-dcQ1GWpOD/eEQ97k66aiEVpNnapVj90/+R+SXTPYGHpYBBypfKJEQjLrvMZ7YXbKm21gXd4NcuxUTjiv1YtLng=="
  "resolved" "https://registry.npmjs.org/whatwg-fetch/-/whatwg-fetch-2.0.4.tgz"
  "version" "2.0.4"
